
Microsoft Visual Studio Solution File, Format Version 12.00
# Visual Studio 15
VisualStudioVersion = 15.0.27130.2010
MinimumVisualStudioVersion = 10.0.40219.1
Project("{FAE04EC0-301F-11D3-BF4B-00C04F79EFBC}") = "Dapper.AutoMigrate", "Dapper.AutoMigrate\Dapper.AutoMigrate.csproj", "{312768CE-30C0-493A-8276-79C0BD80BFB2}"
EndProject
Global
	GlobalSection(SolutionConfigurationPlatforms) = preSolution
		Debug|Any CPU = Debug|Any CPU
		Release|Any CPU = Release|Any CPU
	EndGlobalSection
	GlobalSection(ProjectConfigurationPlatforms) = postSolution
		{312768CE-30C0-493A-8276-79C0BD80BFB2}.Debug|Any CPU.ActiveCfg = Debug|Any CPU
		{312768CE-30C0-493A-8276-79C0BD80BFB2}.Debug|Any CPU.Build.0 = Debug|Any CPU
		{312768CE-30C0-493A-8276-79C0BD80BFB2}.Release|Any CPU.ActiveCfg = Release|Any CPU
		{312768CE-30C0-493A-8276-79C0BD80BFB2}.Release|Any CPU.Build.0 = Release|Any CPU
	EndGlobalSection
	GlobalSection(SolutionProperties) = preSolution
		HideSolutionNode = FALSE
	EndGlobalSection
	GlobalSection(ExtensibilityGlobals) = postSolution
		SolutionGuid = {3426CB43-CB0F-4B87-A484-A87BA2872DB1}
	EndGlobalSection
EndGlobal
